// !$*UTF8*$!
{
	archiveVersion = 1;
	classes = {
	};
	objectVersion = 50;
	objects = {

/* Begin PBXBuildFile section */
		95C96420236890B000C160E8 /* AppDelegate.swift in Sources */ = {isa = PBXBuildFile; fileRef = 95C9641F236890B000C160E8 /* AppDelegate.swift */; };
		95C96422236890B000C160E8 /* SceneDelegate.swift in Sources */ = {isa = PBXBuildFile; fileRef = 95C96421236890B000C160E8 /* SceneDelegate.swift */; };
		95C96424236890B000C160E8 /* ViewController.swift in Sources */ = {isa = PBXBuildFile; fileRef = 95C96423236890B000C160E8 /* ViewController.swift */; };
		95C96427236890B000C160E8 /* Main.storyboard in Resources */ = {isa = PBXBuildFile; fileRef = 95C96425236890B000C160E8 /* Main.storyboard */; };
		95C96429236890B100C160E8 /* Assets.xcassets in Resources */ = {isa = PBXBuildFile; fileRef = 95C96428236890B100C160E8 /* Assets.xcassets */; };
		95C9642C236890B100C160E8 /* LaunchScreen.storyboard in Resources */ = {isa = PBXBuildFile; fileRef = 95C9642A236890B100C160E8 /* LaunchScreen.storyboard */; };
		95C964392368B32400C160E8 /* SuperheroesView.swift in Sources */ = {isa = PBXBuildFile; fileRef = 95C964382368B32400C160E8 /* SuperheroesView.swift */; };
		95C9643B2368B33B00C160E8 /* DetailView.swift in Sources */ = {isa = PBXBuildFile; fileRef = 95C9643A2368B33B00C160E8 /* DetailView.swift */; };
		95C9643D2368B36C00C160E8 /* SuperheroesDataSource.swift in Sources */ = {isa = PBXBuildFile; fileRef = 95C9643C2368B36C00C160E8 /* SuperheroesDataSource.swift */; };
		95C964422368B7F300C160E8 /* Protocols.swift in Sources */ = {isa = PBXBuildFile; fileRef = 95C964412368B7F200C160E8 /* Protocols.swift */; };
		95C964442368B8AD00C160E8 /* SuperheroeItem.swift in Sources */ = {isa = PBXBuildFile; fileRef = 95C964432368B8AD00C160E8 /* SuperheroeItem.swift */; };
		95C964472368BA1500C160E8 /* SuperheroesModel.swift in Sources */ = {isa = PBXBuildFile; fileRef = 95C964462368BA1500C160E8 /* SuperheroesModel.swift */; };
		95C9644A2368BA6300C160E8 /* Networking.swift in Sources */ = {isa = PBXBuildFile; fileRef = 95C964492368BA6300C160E8 /* Networking.swift */; };
		95C9644C2368C49800C160E8 /* DetailViewController.swift in Sources */ = {isa = PBXBuildFile; fileRef = 95C9644B2368C49800C160E8 /* DetailViewController.swift */; };
		95C9644F2368FA2300C160E8 /* SuperheroesInicializer.swift in Sources */ = {isa = PBXBuildFile; fileRef = 95C9644E2368FA2300C160E8 /* SuperheroesInicializer.swift */; };
		95C964542369090400C160E8 /* SuperheroeCell.swift in Sources */ = {isa = PBXBuildFile; fileRef = 95C964522369090400C160E8 /* SuperheroeCell.swift */; };
		95C964552369090400C160E8 /* SuperheroeCell.xib in Resources */ = {isa = PBXBuildFile; fileRef = 95C964532369090400C160E8 /* SuperheroeCell.xib */; };
		95C964582369098200C160E8 /* UIImageView.swift in Sources */ = {isa = PBXBuildFile; fileRef = 95C964572369098200C160E8 /* UIImageView.swift */; };
/* End PBXBuildFile section */

/* Begin PBXFileReference section */
		95C9641C236890B000C160E8 /* Superheroes.app */ = {isa = PBXFileReference; explicitFileType = wrapper.application; includeInIndex = 0; path = Superheroes.app; sourceTree = BUILT_PRODUCTS_DIR; };
		95C9641F236890B000C160E8 /* AppDelegate.swift */ = {isa = PBXFileReference; lastKnownFileType = sourcecode.swift; path = AppDelegate.swift; sourceTree = "<group>"; };
		95C96421236890B000C160E8 /* SceneDelegate.swift */ = {isa = PBXFileReference; lastKnownFileType = sourcecode.swift; path = SceneDelegate.swift; sourceTree = "<group>"; };
		95C96423236890B000C160E8 /* ViewController.swift */ = {isa = PBXFileReference; lastKnownFileType = sourcecode.swift; path = ViewController.swift; sourceTree = "<group>"; };
		95C96426236890B000C160E8 /* Base */ = {isa = PBXFileReference; lastKnownFileType = file.storyboard; name = Base; path = Base.lproj/Main.storyboard; sourceTree = "<group>"; };
		95C96428236890B100C160E8 /* Assets.xcassets */ = {isa = PBXFileReference; lastKnownFileType = folder.assetcatalog; path = Assets.xcassets; sourceTree = "<group>"; };
		95C9642B236890B100C160E8 /* Base */ = {isa = PBXFileReference; lastKnownFileType = file.storyboard; name = Base; path = Base.lproj/LaunchScreen.storyboard; sourceTree = "<group>"; };
		95C9642D236890B100C160E8 /* Info.plist */ = {isa = PBXFileReference; lastKnownFileType = text.plist.xml; path = Info.plist; sourceTree = "<group>"; };
		95C964382368B32400C160E8 /* SuperheroesView.swift */ = {isa = PBXFileReference; lastKnownFileType = sourcecode.swift; path = SuperheroesView.swift; sourceTree = "<group>"; };
		95C9643A2368B33B00C160E8 /* DetailView.swift */ = {isa = PBXFileReference; lastKnownFileType = sourcecode.swift; path = DetailView.swift; sourceTree = "<group>"; };
		95C9643C2368B36C00C160E8 /* SuperheroesDataSource.swift */ = {isa = PBXFileReference; lastKnownFileType = sourcecode.swift; path = SuperheroesDataSource.swift; sourceTree = "<group>"; };
		95C964412368B7F200C160E8 /* Protocols.swift */ = {isa = PBXFileReference; lastKnownFileType = sourcecode.swift; path = Protocols.swift; sourceTree = "<group>"; };
		95C964432368B8AD00C160E8 /* SuperheroeItem.swift */ = {isa = PBXFileReference; lastKnownFileType = sourcecode.swift; path = SuperheroeItem.swift; sourceTree = "<group>"; };
		95C964462368BA1500C160E8 /* SuperheroesModel.swift */ = {isa = PBXFileReference; lastKnownFileType = sourcecode.swift; path = SuperheroesModel.swift; sourceTree = "<group>"; };
		95C964492368BA6300C160E8 /* Networking.swift */ = {isa = PBXFileReference; lastKnownFileType = sourcecode.swift; path = Networking.swift; sourceTree = "<group>"; };
		95C9644B2368C49800C160E8 /* DetailViewController.swift */ = {isa = PBXFileReference; lastKnownFileType = sourcecode.swift; path = DetailViewController.swift; sourceTree = "<group>"; };
		95C9644E2368FA2300C160E8 /* SuperheroesInicializer.swift */ = {isa = PBXFileReference; lastKnownFileType = sourcecode.swift; path = SuperheroesInicializer.swift; sourceTree = "<group>"; };
		95C964522369090400C160E8 /* SuperheroeCell.swift */ = {isa = PBXFileReference; lastKnownFileType = sourcecode.swift; path = SuperheroeCell.swift; sourceTree = "<group>"; };
		95C964532369090400C160E8 /* SuperheroeCell.xib */ = {isa = PBXFileReference; lastKnownFileType = file.xib; path = SuperheroeCell.xib; sourceTree = "<group>"; };
		95C964572369098200C160E8 /* UIImageView.swift */ = {isa = PBXFileReference; lastKnownFileType = sourcecode.swift; path = UIImageView.swift; sourceTree = "<group>"; };
/* End PBXFileReference section */

/* Begin PBXFrameworksBuildPhase section */
		95C96419236890B000C160E8 /* Frameworks */ = {
			isa = PBXFrameworksBuildPhase;
			buildActionMask = 2147483647;
			files = (
			);
			runOnlyForDeploymentPostprocessing = 0;
		};
/* End PBXFrameworksBuildPhase section */

/* Begin PBXGroup section */
		95C96413236890B000C160E8 = {
			isa = PBXGroup;
			children = (
				95C9641E236890B000C160E8 /* Superheroes */,
				95C9641D236890B000C160E8 /* Products */,
			);
			sourceTree = "<group>";
		};
		95C9641D236890B000C160E8 /* Products */ = {
			isa = PBXGroup;
			children = (
				95C9641C236890B000C160E8 /* Superheroes.app */,
			);
			name = Products;
			sourceTree = "<group>";
		};
		95C9641E236890B000C160E8 /* Superheroes */ = {
			isa = PBXGroup;
			children = (
				95C964562369097000C160E8 /* Extension */,
				95C964372368B19500C160E8 /* Protocol */,
				95C964362368B18700C160E8 /* Resources */,
				95C964482368BA5000C160E8 /* Network */,
				95C964352368B17B00C160E8 /* Model */,
				95C964342368B17300C160E8 /* Controller */,
				95C964402368B38A00C160E8 /* Storyboard */,
				95C964332368B16D00C160E8 /* View */,
				95C9641F236890B000C160E8 /* AppDelegate.swift */,
				95C96421236890B000C160E8 /* SceneDelegate.swift */,
			);
			path = Superheroes;
			sourceTree = "<group>";
		};
		95C964332368B16D00C160E8 /* View */ = {
			isa = PBXGroup;
			children = (
				95C964382368B32400C160E8 /* SuperheroesView.swift */,
				95C9643A2368B33B00C160E8 /* DetailView.swift */,
				95C9643F2368B37B00C160E8 /* DataSource */,
				95C9643E2368B37200C160E8 /* Cell */,
			);
			path = View;
			sourceTree = "<group>";
		};
		95C964342368B17300C160E8 /* Controller */ = {
			isa = PBXGroup;
			children = (
				95C96423236890B000C160E8 /* ViewController.swift */,
				95C9644B2368C49800C160E8 /* DetailViewController.swift */,
				95C9644D2368C53500C160E8 /* Inicializers */,
			);
			path = Controller;
			sourceTree = "<group>";
		};
		95C964352368B17B00C160E8 /* Model */ = {
			isa = PBXGroup;
			children = (
				95C964462368BA1500C160E8 /* SuperheroesModel.swift */,
				95C964452368B8B400C160E8 /* Item */,
			);
			path = Model;
			sourceTree = "<group>";
		};
		95C964362368B18700C160E8 /* Resources */ = {
			isa = PBXGroup;
			children = (
				95C96428236890B100C160E8 /* Assets.xcassets */,
				95C9642A236890B100C160E8 /* LaunchScreen.storyboard */,
				95C9642D236890B100C160E8 /* Info.plist */,
			);
			path = Resources;
			sourceTree = "<group>";
		};
		95C964372368B19500C160E8 /* Protocol */ = {
			isa = PBXGroup;
			children = (
				95C964412368B7F200C160E8 /* Protocols.swift */,
			);
			path = Protocol;
			sourceTree = "<group>";
		};
		95C9643E2368B37200C160E8 /* Cell */ = {
			isa = PBXGroup;
			children = (
				95C964522369090400C160E8 /* SuperheroeCell.swift */,
				95C964532369090400C160E8 /* SuperheroeCell.xib */,
			);
			path = Cell;
			sourceTree = "<group>";
		};
		95C9643F2368B37B00C160E8 /* DataSource */ = {
			isa = PBXGroup;
			children = (
				95C9643C2368B36C00C160E8 /* SuperheroesDataSource.swift */,
			);
			path = DataSource;
			sourceTree = "<group>";
		};
		95C964402368B38A00C160E8 /* Storyboard */ = {
			isa = PBXGroup;
			children = (
				95C96425236890B000C160E8 /* Main.storyboard */,
			);
			path = Storyboard;
			sourceTree = "<group>";
		};
		95C964452368B8B400C160E8 /* Item */ = {
			isa = PBXGroup;
			children = (
				95C964432368B8AD00C160E8 /* SuperheroeItem.swift */,
			);
			path = Item;
			sourceTree = "<group>";
		};
		95C964482368BA5000C160E8 /* Network */ = {
			isa = PBXGroup;
			children = (
				95C964492368BA6300C160E8 /* Networking.swift */,
			);
			path = Network;
			sourceTree = "<group>";
		};
		95C9644D2368C53500C160E8 /* Inicializers */ = {
			isa = PBXGroup;
			children = (
				95C9644E2368FA2300C160E8 /* SuperheroesInicializer.swift */,
			);
			path = Inicializers;
			sourceTree = "<group>";
		};
		95C964562369097000C160E8 /* Extension */ = {
			isa = PBXGroup;
			children = (
				95C964572369098200C160E8 /* UIImageView.swift */,
			);
			path = Extension;
			sourceTree = "<group>";
		};
/* End PBXGroup section */

/* Begin PBXNativeTarget section */
		95C9641B236890B000C160E8 /* Superheroes */ = {
			isa = PBXNativeTarget;
			buildConfigurationList = 95C96430236890B100C160E8 /* Build configuration list for PBXNativeTarget "Superheroes" */;
			buildPhases = (
				95C96418236890B000C160E8 /* Sources */,
				95C96419236890B000C160E8 /* Frameworks */,
				95C9641A236890B000C160E8 /* Resources */,
			);
			buildRules = (
			);
			dependencies = (
			);
			name = Superheroes;
			productName = Superheroes;
			productReference = 95C9641C236890B000C160E8 /* Superheroes.app */;
			productType = "com.apple.product-type.application";
		};
/* End PBXNativeTarget section */

/* Begin PBXProject section */
		95C96414236890B000C160E8 /* Project object */ = {
			isa = PBXProject;
			attributes = {
				LastSwiftUpdateCheck = 1110;
				LastUpgradeCheck = 1110;
				ORGANIZATIONNAME = JRodriguez;
				TargetAttributes = {
					95C9641B236890B000C160E8 = {
						CreatedOnToolsVersion = 11.1;
					};
				};
			};
			buildConfigurationList = 95C96417236890B000C160E8 /* Build configuration list for PBXProject "Superheroes" */;
			compatibilityVersion = "Xcode 9.3";
			developmentRegion = en;
			hasScannedForEncodings = 0;
			knownRegions = (
				en,
				Base,
			);
			mainGroup = 95C96413236890B000C160E8;
			productRefGroup = 95C9641D236890B000C160E8 /* Products */;
			projectDirPath = "";
			projectRoot = "";
			targets = (
				95C9641B236890B000C160E8 /* Superheroes */,
			);
		};
/* End PBXProject section */

/* Begin PBXResourcesBuildPhase section */
		95C9641A236890B000C160E8 /* Resources */ = {
			isa = PBXResourcesBuildPhase;
			buildActionMask = 2147483647;
			files = (
				95C9642C236890B100C160E8 /* LaunchScreen.storyboard in Resources */,
				95C964552369090400C160E8 /* SuperheroeCell.xib in Resources */,
				95C96429236890B100C160E8 /* Assets.xcassets in Resources */,
				95C96427236890B000C160E8 /* Main.storyboard in Resources */,
			);
			runOnlyForDeploymentPostprocessing = 0;
		};
/* End PBXResourcesBuildPhase section */

/* Begin PBXSourcesBuildPhase section */
		95C96418236890B000C160E8 /* Sources */ = {
			isa = PBXSourcesBuildPhase;
			buildActionMask = 2147483647;
			files = (
				95C9644C2368C49800C160E8 /* DetailViewController.swift in Sources */,
				95C964582369098200C160E8 /* UIImageView.swift in Sources */,
				95C964442368B8AD00C160E8 /* SuperheroeItem.swift in Sources */,
				95C9644A2368BA6300C160E8 /* Networking.swift in Sources */,
				95C964542369090400C160E8 /* SuperheroeCell.swift in Sources */,
				95C9643D2368B36C00C160E8 /* SuperheroesDataSource.swift in Sources */,
				95C964392368B32400C160E8 /* SuperheroesView.swift in Sources */,
				95C964472368BA1500C160E8 /* SuperheroesModel.swift in Sources */,
				95C964422368B7F300C160E8 /* Protocols.swift in Sources */,
				95C96424236890B000C160E8 /* ViewController.swift in Sources */,
				95C96420236890B000C160E8 /* AppDelegate.swift in Sources */,
				95C9643B2368B33B00C160E8 /* DetailView.swift in Sources */,
				95C96422236890B000C160E8 /* SceneDelegate.swift in Sources */,
				95C9644F2368FA2300C160E8 /* SuperheroesInicializer.swift in Sources */,
			);
			runOnlyForDeploymentPostprocessing = 0;
		};
/* End PBXSourcesBuildPhase section */

/* Begin PBXVariantGroup section */
		95C96425236890B000C160E8 /* Main.storyboard */ = {
			isa = PBXVariantGroup;
			children = (
				95C96426236890B000C160E8 /* Base */,
			);
			name = Main.storyboard;
			sourceTree = "<group>";
		};
		95C9642A236890B100C160E8 /* LaunchScreen.storyboard */ = {
			isa = PBXVariantGroup;
			children = (
				95C9642B236890B100C160E8 /* Base */,
			);
			name = LaunchScreen.storyboard;
			sourceTree = "<group>";
		};
/* End PBXVariantGroup section */

/* Begin XCBuildConfiguration section */
		95C9642E236890B100C160E8 /* Debug */ = {
			isa = XCBuildConfiguration;
			buildSettings = {
				ALWAYS_SEARCH_USER_PATHS = NO;
				CLANG_ANALYZER_NONNULL = YES;
				CLANG_ANALYZER_NUMBER_OBJECT_CONVERSION = YES_AGGRESSIVE;
				CLANG_CXX_LANGUAGE_STANDARD = "gnu++14";
				CLANG_CXX_LIBRARY = "libc++";
				CLANG_ENABLE_MODULES = YES;
				CLANG_ENABLE_OBJC_ARC = YES;
				CLANG_ENABLE_OBJC_WEAK = YES;
				CLANG_WARN_BLOCK_CAPTURE_AUTORELEASING = YES;
				CLANG_WARN_BOOL_CONVERSION = YES;
				CLANG_WARN_COMMA = YES;
				CLANG_WARN_CONSTANT_CONVERSION = YES;
				CLANG_WARN_DEPRECATED_OBJC_IMPLEMENTATIONS = YES;
				CLANG_WARN_DIRECT_OBJC_ISA_USAGE = YES_ERROR;
				CLANG_WARN_DOCUMENTATION_COMMENTS = YES;
				CLANG_WARN_EMPTY_BODY = YES;
				CLANG_WARN_ENUM_CONVERSION = YES;
				CLANG_WARN_INFINITE_RECURSION = YES;
				CLANG_WARN_INT_CONVERSION = YES;
				CLANG_WARN_NON_LITERAL_NULL_CONVERSION = YES;
				CLANG_WARN_OBJC_IMPLICIT_RETAIN_SELF = YES;
				CLANG_WARN_OBJC_LITERAL_CONVERSION = YES;
				CLANG_WARN_OBJC_ROOT_CLASS = YES_ERROR;
				CLANG_WARN_RANGE_LOOP_ANALYSIS = YES;
				CLANG_WARN_STRICT_PROTOTYPES = YES;
				CLANG_WARN_SUSPICIOUS_MOVE = YES;
				CLANG_WARN_UNGUARDED_AVAILABILITY = YES_AGGRESSIVE;
				CLANG_WARN_UNREACHABLE_CODE = YES;
				CLANG_WARN__DUPLICATE_METHOD_MATCH = YES;
				COPY_PHASE_STRIP = NO;
				DEBUG_INFORMATION_FORMAT = dwarf;
				ENABLE_STRICT_OBJC_MSGSEND = YES;
				ENABLE_TESTABILITY = YES;
				GCC_C_LANGUAGE_STANDARD = gnu11;
				GCC_DYNAMIC_NO_PIC = NO;
				GCC_NO_COMMON_BLOCKS = YES;
				GCC_OPTIMIZATION_LEVEL = 0;
				GCC_PREPROCESSOR_DEFINITIONS = (
					"DEBUG=1",
					"$(inherited)",
				);
				GCC_WARN_64_TO_32_BIT_CONVERSION = YES;
				GCC_WARN_ABOUT_RETURN_TYPE = YES_ERROR;
				GCC_WARN_UNDECLARED_SELECTOR = YES;
				GCC_WARN_UNINITIALIZED_AUTOS = YES_AGGRESSIVE;
				GCC_WARN_UNUSED_FUNCTION = YES;
				GCC_WARN_UNUSED_VARIABLE = YES;
				IPHONEOS_DEPLOYMENT_TARGET = 13.1;
				MTL_ENABLE_DEBUG_INFO = INCLUDE_SOURCE;
				MTL_FAST_MATH = YES;
				ONLY_ACTIVE_ARCH = YES;
				SDKROOT = iphoneos;
				SWIFT_ACTIVE_COMPILATION_CONDITIONS = DEBUG;
				SWIFT_OPTIMIZATION_LEVEL = "-Onone";
			};
			name = Debug;
		};
		95C9642F236890B100C160E8 /* Release */ = {
			isa = XCBuildConfiguration;
			buildSettings = {
				ALWAYS_SEARCH_USER_PATHS = NO;
				CLANG_ANALYZER_NONNULL = YES;
				CLANG_ANALYZER_NUMBER_OBJECT_CONVERSION = YES_AGGRESSIVE;
				CLANG_CXX_LANGUAGE_STANDARD = "gnu++14";
				CLANG_CXX_LIBRARY = "libc++";
				CLANG_ENABLE_MODULES = YES;
				CLANG_ENABLE_OBJC_ARC = YES;
				CLANG_ENABLE_OBJC_WEAK = YES;
				CLANG_WARN_BLOCK_CAPTURE_AUTORELEASING = YES;
				CLANG_WARN_BOOL_CONVERSION = YES;
				CLANG_WARN_COMMA = YES;
				CLANG_WARN_CONSTANT_CONVERSION = YES;
				CLANG_WARN_DEPRECATED_OBJC_IMPLEMENTATIONS = YES;
				CLANG_WARN_DIRECT_OBJC_ISA_USAGE = YES_ERROR;
				CLANG_WARN_DOCUMENTATION_COMMENTS = YES;
				CLANG_WARN_EMPTY_BODY = YES;
				CLANG_WARN_ENUM_CONVERSION = YES;
				CLANG_WARN_INFINITE_RECURSION = YES;
				CLANG_WARN_INT_CONVERSION = YES;
				CLANG_WARN_NON_LITERAL_NULL_CONVERSION = YES;
				CLANG_WARN_OBJC_IMPLICIT_RETAIN_SELF = YES;
				CLANG_WARN_OBJC_LITERAL_CONVERSION = YES;
				CLANG_WARN_OBJC_ROOT_CLASS = YES_ERROR;
				CLANG_WARN_RANGE_LOOP_ANALYSIS = YES;
				CLANG_WARN_STRICT_PROTOTYPES = YES;
				CLANG_WARN_SUSPICIOUS_MOVE = YES;
				CLANG_WARN_UNGUARDED_AVAILABILITY = YES_AGGRESSIVE;
				CLANG_WARN_UNREACHABLE_CODE = YES;
				CLANG_WARN__DUPLICATE_METHOD_MATCH = YES;
				COPY_PHASE_STRIP = NO;
				DEBUG_INFORMATION_FORMAT = "dwarf-with-dsym";
				ENABLE_NS_ASSERTIONS = NO;
				ENABLE_STRICT_OBJC_MSGSEND = YES;
				GCC_C_LANGUAGE_STANDARD = gnu11;
				GCC_NO_COMMON_BLOCKS = YES;
				GCC_WARN_64_TO_32_BIT_CONVERSION = YES;
				GCC_WARN_ABOUT_RETURN_TYPE = YES_ERROR;
				GCC_WARN_UNDECLARED_SELECTOR = YES;
				GCC_WARN_UNINITIALIZED_AUTOS = YES_AGGRESSIVE;
				GCC_WARN_UNUSED_FUNCTION = YES;
				GCC_WARN_UNUSED_VARIABLE = YES;
				IPHONEOS_DEPLOYMENT_TARGET = 13.1;
				MTL_ENABLE_DEBUG_INFO = NO;
				MTL_FAST_MATH = YES;
				SDKROOT = iphoneos;
				SWIFT_COMPILATION_MODE = wholemodule;
				SWIFT_OPTIMIZATION_LEVEL = "-O";
				VALIDATE_PRODUCT = YES;
			};
			name = Release;
		};
		95C96431236890B100C160E8 /* Debug */ = {
			isa = XCBuildConfiguration;
			buildSettings = {
				ASSETCATALOG_COMPILER_APPICON_NAME = AppIcon;
				CODE_SIGN_STYLE = Automatic;
				INFOPLIST_FILE = Superheroes/Info.plist;
				LD_RUNPATH_SEARCH_PATHS = (
					"$(inherited)",
					"@executable_path/Frameworks",
				);
				PRODUCT_BUNDLE_IDENTIFIER = Juan.Superheroes;
				PRODUCT_NAME = "$(TARGET_NAME)";
				SWIFT_VERSION = 5.0;
				TARGETED_DEVICE_FAMILY = "1,2";
			};
			name = Debug;
		};
		95C96432236890B100C160E8 /* Release */ = {
			isa = XCBuildConfiguration;
			buildSettings = {
				ASSETCATALOG_COMPILER_APPICON_NAME = AppIcon;
				CODE_SIGN_STYLE = Automatic;
				INFOPLIST_FILE = Superheroes/Info.plist;
				LD_RUNPATH_SEARCH_PATHS = (
					"$(inherited)",
					"@executable_path/Frameworks",
				);
				PRODUCT_BUNDLE_IDENTIFIER = Juan.Superheroes;
				PRODUCT_NAME = "$(TARGET_NAME)";
				SWIFT_VERSION = 5.0;
				TARGETED_DEVICE_FAMILY = "1,2";
			};
			name = Release;
		};
/* End XCBuildConfiguration section */

/* Begin XCConfigurationList section */
		95C96417236890B000C160E8 /* Build configuration list for PBXProject "Superheroes" */ = {
			isa = XCConfigurationList;
			buildConfigurations = (
				95C9642E236890B100C160E8 /* Debug */,
				95C9642F236890B100C160E8 /* Release */,
			);
			defaultConfigurationIsVisible = 0;
			defaultConfigurationName = Release;
		};
		95C96430236890B100C160E8 /* Build configuration list for PBXNativeTarget "Superheroes" */ = {
			isa = XCConfigurationList;
			buildConfigurations = (
				95C96431236890B100C160E8 /* Debug */,
				95C96432236890B100C160E8 /* Release */,
			);
			defaultConfigurationIsVisible = 0;
			defaultConfigurationName = Release;
		};
/* End XCConfigurationList section */
	};
	rootObject = 95C96414236890B000C160E8 /* Project object */;
}
